
Microsoft Visual Studio Solution File, Format Version 12.00
Project("{2150E333-8FDC-42A3-9474-1A3956D46DE8}") = "Solution Items", "Solution Items", "{06EE1C8B-2D8E-4DC2-B79A-6DABE99C8E10}"
	ProjectSection(SolutionItems) = preProject
		docker-compose.yml = docker-compose.yml
	EndProjectSection
EndProject
Project("{2150E333-8FDC-42A3-9474-1A3956D46DE8}") = "Core", "Core", "{4D0A8BB2-691C-42F5-AD9C-E30C2570E5D1}"
EndProject
Project("{2150E333-8FDC-42A3-9474-1A3956D46DE8}") = "Infrastructure", "Infrastructure", "{F543B8C1-C884-435D-B625-3CD41A6EA047}"
EndProject
Project("{2150E333-8FDC-42A3-9474-1A3956D46DE8}") = "Presentation", "Presentation", "{7613A917-90B3-4B9B-A851-041CF4111836}"
EndProject
Project("{2150E333-8FDC-42A3-9474-1A3956D46DE8}") = "Tests", "Tests", "{58503074-FE48-4BA9-A402-6BE2831CBECF}"
EndProject
Project("{FAE04EC0-301F-11D3-BF4B-00C04F79EFBC}") = "OrgaFlow.API", "OrgaFlow.API\OrgaFlow.API.csproj", "{530B2AE2-F22B-4E0B-92E4-B78BFFDDD651}"
EndProject
Project("{FAE04EC0-301F-11D3-BF4B-00C04F79EFBC}") = "OrgaFlow.Domain", "OrgaFlow.Domain\OrgaFlow.Domain.csproj", "{C90D20A1-3306-458F-8B24-7BA63CE31400}"
EndProject
Project("{FAE04EC0-301F-11D3-BF4B-00C04F79EFBC}") = "OrgaFlow.Application", "OrgaFlow.Application\OrgaFlow.Application.csproj", "{6FAB25E1-20E9-44A6-8D1A-EDFB5DC09667}"
EndProject
Project("{FAE04EC0-301F-11D3-BF4B-00C04F79EFBC}") = "OrgaFlow.Infrastructure", "OrgaFlow.Infrastructure\OrgaFlow.Infrastructure.csproj", "{F97D4087-77DA-4E78-ACC5-A872942036B2}"
EndProject
Project("{FAE04EC0-301F-11D3-BF4B-00C04F79EFBC}") = "OrgaFlow.Persistence", "OrgaFlow.Persistence\OrgaFlow.Persistence.csproj", "{E541199D-E6E8-46B3-B586-0531F005C4D4}"
EndProject
Project("{FAE04EC0-301F-11D3-BF4B-00C04F79EFBC}") = "OrgaFlow.Contracts", "OrgaFlow.Contracts\OrgaFlow.Contracts.csproj", "{A45AF6FD-AD06-4929-A85F-B1EF823B75A6}"
EndProject
Project("{FAE04EC0-301F-11D3-BF4B-00C04F79EFBC}") = "auth-service", "auth-service\auth-service.csproj", "{A299AC52-05EE-40B7-BA3B-09593F08A393}"
EndProject
Project("{2150E333-8FDC-42A3-9474-1A3956D46DE8}") = "microservices", "microservices", "{E91F4FE6-2D69-4024-A8A0-35ECF63BB5A9}"
EndProject
Project("{FAE04EC0-301F-11D3-BF4B-00C04F79EFBC}") = "task-service", "task-service\task-service.csproj", "{886A2938-97AE-4AED-9759-027A6CE53A7E}"
EndProject
Project("{FAE04EC0-301F-11D3-BF4B-00C04F79EFBC}") = "OrgaFlow.UI", "OrgaFlow.UI\OrgaFlow.UI.csproj", "{4C7594D0-58E1-491F-9EF0-484DBF0DEACB}"
EndProject
Project("{FAE04EC0-301F-11D3-BF4B-00C04F79EFBC}") = "email-service", "email-service\email-service.csproj", "{324260B3-3629-48A0-9690-E481C01B201D}"
EndProject
Global
	GlobalSection(SolutionConfigurationPlatforms) = preSolution
		Debug|Any CPU = Debug|Any CPU
		Release|Any CPU = Release|Any CPU
	EndGlobalSection
	GlobalSection(ProjectConfigurationPlatforms) = postSolution
		{530B2AE2-F22B-4E0B-92E4-B78BFFDDD651}.Debug|Any CPU.ActiveCfg = Debug|Any CPU
		{530B2AE2-F22B-4E0B-92E4-B78BFFDDD651}.Debug|Any CPU.Build.0 = Debug|Any CPU
		{530B2AE2-F22B-4E0B-92E4-B78BFFDDD651}.Release|Any CPU.ActiveCfg = Release|Any CPU
		{530B2AE2-F22B-4E0B-92E4-B78BFFDDD651}.Release|Any CPU.Build.0 = Release|Any CPU
		{C90D20A1-3306-458F-8B24-7BA63CE31400}.Debug|Any CPU.ActiveCfg = Debug|Any CPU
		{C90D20A1-3306-458F-8B24-7BA63CE31400}.Debug|Any CPU.Build.0 = Debug|Any CPU
		{C90D20A1-3306-458F-8B24-7BA63CE31400}.Release|Any CPU.ActiveCfg = Release|Any CPU
		{C90D20A1-3306-458F-8B24-7BA63CE31400}.Release|Any CPU.Build.0 = Release|Any CPU
		{6FAB25E1-20E9-44A6-8D1A-EDFB5DC09667}.Debug|Any CPU.ActiveCfg = Debug|Any CPU
		{6FAB25E1-20E9-44A6-8D1A-EDFB5DC09667}.Debug|Any CPU.Build.0 = Debug|Any CPU
		{6FAB25E1-20E9-44A6-8D1A-EDFB5DC09667}.Release|Any CPU.ActiveCfg = Release|Any CPU
		{6FAB25E1-20E9-44A6-8D1A-EDFB5DC09667}.Release|Any CPU.Build.0 = Release|Any CPU
		{F97D4087-77DA-4E78-ACC5-A872942036B2}.Debug|Any CPU.ActiveCfg = Debug|Any CPU
		{F97D4087-77DA-4E78-ACC5-A872942036B2}.Debug|Any CPU.Build.0 = Debug|Any CPU
		{F97D4087-77DA-4E78-ACC5-A872942036B2}.Release|Any CPU.ActiveCfg = Release|Any CPU
		{F97D4087-77DA-4E78-ACC5-A872942036B2}.Release|Any CPU.Build.0 = Release|Any CPU
		{E541199D-E6E8-46B3-B586-0531F005C4D4}.Debug|Any CPU.ActiveCfg = Debug|Any CPU
		{E541199D-E6E8-46B3-B586-0531F005C4D4}.Debug|Any CPU.Build.0 = Debug|Any CPU
		{E541199D-E6E8-46B3-B586-0531F005C4D4}.Release|Any CPU.ActiveCfg = Release|Any CPU
		{E541199D-E6E8-46B3-B586-0531F005C4D4}.Release|Any CPU.Build.0 = Release|Any CPU
		{A45AF6FD-AD06-4929-A85F-B1EF823B75A6}.Debug|Any CPU.ActiveCfg = Debug|Any CPU
		{A45AF6FD-AD06-4929-A85F-B1EF823B75A6}.Debug|Any CPU.Build.0 = Debug|Any CPU
		{A45AF6FD-AD06-4929-A85F-B1EF823B75A6}.Release|Any CPU.ActiveCfg = Release|Any CPU
		{A45AF6FD-AD06-4929-A85F-B1EF823B75A6}.Release|Any CPU.Build.0 = Release|Any CPU
		{A299AC52-05EE-40B7-BA3B-09593F08A393}.Debug|Any CPU.ActiveCfg = Debug|Any CPU
		{A299AC52-05EE-40B7-BA3B-09593F08A393}.Debug|Any CPU.Build.0 = Debug|Any CPU
		{A299AC52-05EE-40B7-BA3B-09593F08A393}.Release|Any CPU.ActiveCfg = Release|Any CPU
		{A299AC52-05EE-40B7-BA3B-09593F08A393}.Release|Any CPU.Build.0 = Release|Any CPU
		{886A2938-97AE-4AED-9759-027A6CE53A7E}.Debug|Any CPU.ActiveCfg = Debug|Any CPU
		{886A2938-97AE-4AED-9759-027A6CE53A7E}.Debug|Any CPU.Build.0 = Debug|Any CPU
		{886A2938-97AE-4AED-9759-027A6CE53A7E}.Release|Any CPU.ActiveCfg = Release|Any CPU
		{886A2938-97AE-4AED-9759-027A6CE53A7E}.Release|Any CPU.Build.0 = Release|Any CPU
		{4C7594D0-58E1-491F-9EF0-484DBF0DEACB}.Debug|Any CPU.ActiveCfg = Debug|Any CPU
		{4C7594D0-58E1-491F-9EF0-484DBF0DEACB}.Debug|Any CPU.Build.0 = Debug|Any CPU
		{4C7594D0-58E1-491F-9EF0-484DBF0DEACB}.Release|Any CPU.ActiveCfg = Release|Any CPU
		{4C7594D0-58E1-491F-9EF0-484DBF0DEACB}.Release|Any CPU.Build.0 = Release|Any CPU
		{324260B3-3629-48A0-9690-E481C01B201D}.Debug|Any CPU.ActiveCfg = Debug|Any CPU
		{324260B3-3629-48A0-9690-E481C01B201D}.Debug|Any CPU.Build.0 = Debug|Any CPU
		{324260B3-3629-48A0-9690-E481C01B201D}.Release|Any CPU.ActiveCfg = Release|Any CPU
		{324260B3-3629-48A0-9690-E481C01B201D}.Release|Any CPU.Build.0 = Release|Any CPU
	EndGlobalSection
	GlobalSection(NestedProjects) = preSolution
		{530B2AE2-F22B-4E0B-92E4-B78BFFDDD651} = {7613A917-90B3-4B9B-A851-041CF4111836}
		{C90D20A1-3306-458F-8B24-7BA63CE31400} = {4D0A8BB2-691C-42F5-AD9C-E30C2570E5D1}
		{6FAB25E1-20E9-44A6-8D1A-EDFB5DC09667} = {4D0A8BB2-691C-42F5-AD9C-E30C2570E5D1}
		{F97D4087-77DA-4E78-ACC5-A872942036B2} = {F543B8C1-C884-435D-B625-3CD41A6EA047}
		{E541199D-E6E8-46B3-B586-0531F005C4D4} = {F543B8C1-C884-435D-B625-3CD41A6EA047}
		{A45AF6FD-AD06-4929-A85F-B1EF823B75A6} = {4D0A8BB2-691C-42F5-AD9C-E30C2570E5D1}
		{A299AC52-05EE-40B7-BA3B-09593F08A393} = {E91F4FE6-2D69-4024-A8A0-35ECF63BB5A9}
		{886A2938-97AE-4AED-9759-027A6CE53A7E} = {E91F4FE6-2D69-4024-A8A0-35ECF63BB5A9}
		{4C7594D0-58E1-491F-9EF0-484DBF0DEACB} = {7613A917-90B3-4B9B-A851-041CF4111836}
		{324260B3-3629-48A0-9690-E481C01B201D} = {E91F4FE6-2D69-4024-A8A0-35ECF63BB5A9}
	EndGlobalSection
EndGlobal
